# Generated by pub
# See https://dart.dev/tools/pub/glossary#lockfile
packages:
  async:
    dependency: transitive
    description:
      name: async
<<<<<<< HEAD
      sha256: "947bfcf187f74dbc5e146c9eb9c0f10c9f8b30743e341481c1e2ed3ecc18c20c"
      url: "https://pub.dev"
    source: hosted
    version: "2.11.0"
=======
      url: "https://pub.dartlang.org"
    source: hosted
    version: "2.9.0"
>>>>>>> 05db2a2024a78f5ade30eb7b87b0037a829f8a8a
  boolean_selector:
    dependency: transitive
    description:
      name: boolean_selector
<<<<<<< HEAD
      sha256: "6cfb5af12253eaf2b368f07bacc5a80d1301a071c73360d746b7f2e32d762c66"
      url: "https://pub.dev"
    source: hosted
    version: "2.1.1"
=======
      url: "https://pub.dartlang.org"
    source: hosted
    version: "2.1.0"
>>>>>>> 05db2a2024a78f5ade30eb7b87b0037a829f8a8a
  characters:
    dependency: transitive
    description:
      name: characters
<<<<<<< HEAD
      sha256: "04a925763edad70e8443c99234dc3328f442e811f1d8fd1a72f1c8ad0f69a605"
      url: "https://pub.dev"
    source: hosted
    version: "1.3.0"
=======
      url: "https://pub.dartlang.org"
    source: hosted
    version: "1.2.1"
>>>>>>> 05db2a2024a78f5ade30eb7b87b0037a829f8a8a
  clock:
    dependency: transitive
    description:
      name: clock
<<<<<<< HEAD
      sha256: cb6d7f03e1de671e34607e909a7213e31d7752be4fb66a86d29fe1eb14bfb5cf
      url: "https://pub.dev"
=======
      url: "https://pub.dartlang.org"
>>>>>>> 05db2a2024a78f5ade30eb7b87b0037a829f8a8a
    source: hosted
    version: "1.1.1"
  collection:
    dependency: transitive
    description:
      name: collection
<<<<<<< HEAD
      sha256: ee67cb0715911d28db6bf4af1026078bd6f0128b07a5f66fb2ed94ec6783c09a
      url: "https://pub.dev"
    source: hosted
    version: "1.18.0"
=======
      url: "https://pub.dartlang.org"
    source: hosted
    version: "1.16.0"
>>>>>>> 05db2a2024a78f5ade30eb7b87b0037a829f8a8a
  fake_async:
    dependency: transitive
    description:
      name: fake_async
<<<<<<< HEAD
      sha256: "511392330127add0b769b75a987850d136345d9227c6b94c96a04cf4a391bf78"
      url: "https://pub.dev"
=======
      url: "https://pub.dartlang.org"
>>>>>>> 05db2a2024a78f5ade30eb7b87b0037a829f8a8a
    source: hosted
    version: "1.3.1"
  flutter:
    dependency: "direct main"
    description: flutter
    source: sdk
    version: "0.0.0"
  flutter_test:
    dependency: "direct dev"
    description: flutter
    source: sdk
    version: "0.0.0"
  intl:
    dependency: "direct main"
    description:
      name: intl
<<<<<<< HEAD
      sha256: a3715e3bc90294e971cb7dc063fbf3cd9ee0ebf8604ffeafabd9e6f16abbdbe6
      url: "https://pub.dev"
=======
      url: "https://pub.dartlang.org"
>>>>>>> 05db2a2024a78f5ade30eb7b87b0037a829f8a8a
    source: hosted
    version: "0.18.0"
  matcher:
    dependency: transitive
    description:
      name: matcher
<<<<<<< HEAD
      sha256: "1803e76e6653768d64ed8ff2e1e67bea3ad4b923eb5c56a295c3e634bad5960e"
      url: "https://pub.dev"
    source: hosted
    version: "0.12.16"
=======
      url: "https://pub.dartlang.org"
    source: hosted
    version: "0.12.12"
>>>>>>> 05db2a2024a78f5ade30eb7b87b0037a829f8a8a
  material_color_utilities:
    dependency: transitive
    description:
      name: material_color_utilities
<<<<<<< HEAD
      sha256: "9528f2f296073ff54cb9fee677df673ace1218163c3bc7628093e7eed5203d41"
      url: "https://pub.dev"
    source: hosted
    version: "0.5.0"
=======
      url: "https://pub.dartlang.org"
    source: hosted
    version: "0.1.5"
>>>>>>> 05db2a2024a78f5ade30eb7b87b0037a829f8a8a
  meta:
    dependency: transitive
    description:
      name: meta
<<<<<<< HEAD
      sha256: a6e590c838b18133bb482a2745ad77c5bb7715fb0451209e1a7567d416678b8e
      url: "https://pub.dev"
    source: hosted
    version: "1.10.0"
=======
      url: "https://pub.dartlang.org"
    source: hosted
    version: "1.8.0"
>>>>>>> 05db2a2024a78f5ade30eb7b87b0037a829f8a8a
  path:
    dependency: transitive
    description:
      name: path
<<<<<<< HEAD
      sha256: "8829d8a55c13fc0e37127c29fedf290c102f4e40ae94ada574091fe0ff96c917"
      url: "https://pub.dev"
    source: hosted
    version: "1.8.3"
=======
      url: "https://pub.dartlang.org"
    source: hosted
    version: "1.8.2"
>>>>>>> 05db2a2024a78f5ade30eb7b87b0037a829f8a8a
  simple_gesture_detector:
    dependency: "direct main"
    description:
      name: simple_gesture_detector
<<<<<<< HEAD
      sha256: "86d08f85f1f58583b7b4b941d989f48ea6ce08c1724a1d10954a277c2ec36592"
      url: "https://pub.dev"
=======
      url: "https://pub.dartlang.org"
>>>>>>> 05db2a2024a78f5ade30eb7b87b0037a829f8a8a
    source: hosted
    version: "0.2.0"
  sky_engine:
    dependency: transitive
    description: flutter
    source: sdk
    version: "0.0.99"
  source_span:
    dependency: transitive
    description:
      name: source_span
<<<<<<< HEAD
      sha256: "53e943d4206a5e30df338fd4c6e7a077e02254531b138a15aec3bd143c1a8b3c"
      url: "https://pub.dev"
    source: hosted
    version: "1.10.0"
=======
      url: "https://pub.dartlang.org"
    source: hosted
    version: "1.9.0"
>>>>>>> 05db2a2024a78f5ade30eb7b87b0037a829f8a8a
  stack_trace:
    dependency: transitive
    description:
      name: stack_trace
<<<<<<< HEAD
      sha256: "73713990125a6d93122541237550ee3352a2d84baad52d375a4cad2eb9b7ce0b"
      url: "https://pub.dev"
    source: hosted
    version: "1.11.1"
=======
      url: "https://pub.dartlang.org"
    source: hosted
    version: "1.10.0"
>>>>>>> 05db2a2024a78f5ade30eb7b87b0037a829f8a8a
  stream_channel:
    dependency: transitive
    description:
      name: stream_channel
<<<<<<< HEAD
      sha256: ba2aa5d8cc609d96bbb2899c28934f9e1af5cddbd60a827822ea467161eb54e7
      url: "https://pub.dev"
    source: hosted
    version: "2.1.2"
=======
      url: "https://pub.dartlang.org"
    source: hosted
    version: "2.1.0"
>>>>>>> 05db2a2024a78f5ade30eb7b87b0037a829f8a8a
  string_scanner:
    dependency: transitive
    description:
      name: string_scanner
<<<<<<< HEAD
      sha256: "556692adab6cfa87322a115640c11f13cb77b3f076ddcc5d6ae3c20242bedcde"
      url: "https://pub.dev"
    source: hosted
    version: "1.2.0"
=======
      url: "https://pub.dartlang.org"
    source: hosted
    version: "1.1.1"
>>>>>>> 05db2a2024a78f5ade30eb7b87b0037a829f8a8a
  term_glyph:
    dependency: transitive
    description:
      name: term_glyph
<<<<<<< HEAD
      sha256: a29248a84fbb7c79282b40b8c72a1209db169a2e0542bce341da992fe1bc7e84
      url: "https://pub.dev"
=======
      url: "https://pub.dartlang.org"
>>>>>>> 05db2a2024a78f5ade30eb7b87b0037a829f8a8a
    source: hosted
    version: "1.2.1"
  test_api:
    dependency: transitive
    description:
      name: test_api
<<<<<<< HEAD
      sha256: "5c2f730018264d276c20e4f1503fd1308dfbbae39ec8ee63c5236311ac06954b"
      url: "https://pub.dev"
    source: hosted
    version: "0.6.1"
=======
      url: "https://pub.dartlang.org"
    source: hosted
    version: "0.4.12"
>>>>>>> 05db2a2024a78f5ade30eb7b87b0037a829f8a8a
  vector_math:
    dependency: transitive
    description:
      name: vector_math
<<<<<<< HEAD
      sha256: "80b3257d1492ce4d091729e3a67a60407d227c27241d6927be0130c98e741803"
      url: "https://pub.dev"
    source: hosted
    version: "2.1.4"
  web:
    dependency: transitive
    description:
      name: web
      sha256: afe077240a270dcfd2aafe77602b4113645af95d0ad31128cc02bce5ac5d5152
      url: "https://pub.dev"
    source: hosted
    version: "0.3.0"
sdks:
  dart: ">=3.2.0-194.0.dev <4.0.0"
=======
      url: "https://pub.dartlang.org"
    source: hosted
    version: "2.1.2"
sdks:
  dart: ">=2.17.0-0 <3.0.0"
>>>>>>> 05db2a2024a78f5ade30eb7b87b0037a829f8a8a
  flutter: ">=1.17.0"
